
Microsoft Visual Studio Solution File, Format Version 12.00
# Visual Studio Version 17
VisualStudioVersion = 17.4.33103.184
MinimumVisualStudioVersion = 10.0.40219.1
Project("{FAE04EC0-301F-11D3-BF4B-00C04F79EFBC}") = "ObjectSurfaceReplacer", "ObjectSurfaceReplacer\ObjectSurfaceReplacer.csproj", "{66618E63-97A5-4EB0-8B3A-3289276333CA}"
EndProject
Global
	GlobalSection(SolutionConfigurationPlatforms) = preSolution
		Debug|Any CPU = Debug|Any CPU
		Release|Any CPU = Release|Any CPU
	EndGlobalSection
	GlobalSection(ProjectConfigurationPlatforms) = postSolution
		{66618E63-97A5-4EB0-8B3A-3289276333CA}.Debug|Any CPU.ActiveCfg = Debug|Any CPU
		{66618E63-97A5-4EB0-8B3A-3289276333CA}.Debug|Any CPU.Build.0 = Debug|Any CPU
		{66618E63-97A5-4EB0-8B3A-3289276333CA}.Release|Any CPU.ActiveCfg = Release|Any CPU
		{66618E63-97A5-4EB0-8B3A-3289276333CA}.Release|Any CPU.Build.0 = Release|Any CPU
	EndGlobalSection
	GlobalSection(SolutionProperties) = preSolution
		HideSolutionNode = FALSE
	EndGlobalSection
	GlobalSection(ExtensibilityGlobals) = postSolution
		SolutionGuid = {E4FCC8B2-5145-4DA5-99F5-F021F2C31C7B}
	EndGlobalSection
EndGlobal
